
Microsoft Visual Studio Solution File, Format Version 12.00
# Visual Studio Version 17
VisualStudioVersion = 17.0.31903.59
MinimumVisualStudioVersion = 10.0.40219.1
Project("{9A19103F-16F7-4668-BE54-9A1E7A4F7556}") = "Catalogo", "Catalogo\Catalogo.csproj", "{5ECE52AD-F0E9-46E1-A097-2BF806F0FD07}"
EndProject
Project("{9A19103F-16F7-4668-BE54-9A1E7A4F7556}") = "AbbyWeb", "AbbyWeb\AbbyWeb.csproj", "{119B99CD-789F-4D29-84F7-D72839D90F0C}"
EndProject
Project("{9A19103F-16F7-4668-BE54-9A1E7A4F7556}") = "BlazorApp", "BlazorApp\BlazorApp.csproj", "{88996BD5-F17A-4261-9C90-D62DD7B1BDD7}"
EndProject
Global
	GlobalSection(SolutionConfigurationPlatforms) = preSolution
		Debug|Any CPU = Debug|Any CPU
		Release|Any CPU = Release|Any CPU
	EndGlobalSection
	GlobalSection(ProjectConfigurationPlatforms) = postSolution
		{5ECE52AD-F0E9-46E1-A097-2BF806F0FD07}.Debug|Any CPU.ActiveCfg = Debug|Any CPU
		{5ECE52AD-F0E9-46E1-A097-2BF806F0FD07}.Debug|Any CPU.Build.0 = Debug|Any CPU
		{5ECE52AD-F0E9-46E1-A097-2BF806F0FD07}.Release|Any CPU.ActiveCfg = Release|Any CPU
		{5ECE52AD-F0E9-46E1-A097-2BF806F0FD07}.Release|Any CPU.Build.0 = Release|Any CPU
		{119B99CD-789F-4D29-84F7-D72839D90F0C}.Debug|Any CPU.ActiveCfg = Debug|Any CPU
		{119B99CD-789F-4D29-84F7-D72839D90F0C}.Debug|Any CPU.Build.0 = Debug|Any CPU
		{119B99CD-789F-4D29-84F7-D72839D90F0C}.Release|Any CPU.ActiveCfg = Release|Any CPU
		{119B99CD-789F-4D29-84F7-D72839D90F0C}.Release|Any CPU.Build.0 = Release|Any CPU
		{88996BD5-F17A-4261-9C90-D62DD7B1BDD7}.Debug|Any CPU.ActiveCfg = Debug|Any CPU
		{88996BD5-F17A-4261-9C90-D62DD7B1BDD7}.Debug|Any CPU.Build.0 = Debug|Any CPU
		{88996BD5-F17A-4261-9C90-D62DD7B1BDD7}.Release|Any CPU.ActiveCfg = Release|Any CPU
		{88996BD5-F17A-4261-9C90-D62DD7B1BDD7}.Release|Any CPU.Build.0 = Release|Any CPU
	EndGlobalSection
	GlobalSection(SolutionProperties) = preSolution
		HideSolutionNode = FALSE
	EndGlobalSection
	GlobalSection(ExtensibilityGlobals) = postSolution
		SolutionGuid = {D219DEBD-31ED-4B19-B66B-4FEFBF85357F}
	EndGlobalSection
EndGlobal
